{
  "name": "elf-archery",
  "version": "0.1.0",
  "lockfileVersion": 3,
  "requires": true,
  "packages": {
    "": {
      "name": "elf-archery",
      "version": "0.1.0",
      "dependencies": {
        "@webxr-input-profiles/assets": "^1.0.0",
        "three": "^0.186.1"
      }
    },
    "node_modules/@webxr-input-profiles/assets": {
      "version": "1.0.20",
      "resolved": "https://registry.npmjs.org/@webxr-input-profiles/assets/-/assets-1.0.20.tgz",
      "integrity": "sha512-V/8NB4Ywgm//TBVMgo0TgJ9DtxsBoo0iiaF8AdfiP0F0cgbwkuQycEZAIOsplyd/iZ8L3mrFYNJBC6rzQb4tJA=="
    },
    "node_modules/three": {
      "version": "0.186.1",
      "resolved": "https://registry.npmjs.org/three/-/three-0.186.1.tgz",
      "integrity": "sha512-blFeqb49wRCSGUGj7gtpfnSGHy2lwDk94RhUmS1c/hTby70kvChbWpkJ4Pm1390LqzzvTmzgXKHPEafJwCb8jA==",
      "license": "MIT"
    }
  }
}
